
Microsoft Visual Studio Solution File, Format Version 12.00
# Visual Studio 15
VisualStudioVersion = 15.0.28010.2036
MinimumVisualStudioVersion = 10.0.40219.1
Project("{8BC9CEB8-8B4A-11D0-8D11-00A0C91BC942}") = "19.几年几月几日是那一年的第几天", "19.几年几月几日是那一年的第几天\19.几年几月几日是那一年的第几天.vcxproj", "{9A10F6B1-3F32-4729-9959-E79F40257A67}"
EndProject
Global
	GlobalSection(SolutionConfigurationPlatforms) = preSolution
		Debug|x64 = Debug|x64
		Debug|x86 = Debug|x86
		Release|x64 = Release|x64
		Release|x86 = Release|x86
	EndGlobalSection
	GlobalSection(ProjectConfigurationPlatforms) = postSolution
		{9A10F6B1-3F32-4729-9959-E79F40257A67}.Debug|x64.ActiveCfg = Debug|x64
		{9A10F6B1-3F32-4729-9959-E79F40257A67}.Debug|x64.Build.0 = Debug|x64
		{9A10F6B1-3F32-4729-9959-E79F40257A67}.Debug|x86.ActiveCfg = Debug|Win32
		{9A10F6B1-3F32-4729-9959-E79F40257A67}.Debug|x86.Build.0 = Debug|Win32
		{9A10F6B1-3F32-4729-9959-E79F40257A67}.Release|x64.ActiveCfg = Release|x64
		{9A10F6B1-3F32-4729-9959-E79F40257A67}.Release|x64.Build.0 = Release|x64
		{9A10F6B1-3F32-4729-9959-E79F40257A67}.Release|x86.ActiveCfg = Release|Win32
		{9A10F6B1-3F32-4729-9959-E79F40257A67}.Release|x86.Build.0 = Release|Win32
	EndGlobalSection
	GlobalSection(SolutionProperties) = preSolution
		HideSolutionNode = FALSE
	EndGlobalSection
	GlobalSection(ExtensibilityGlobals) = postSolution
		SolutionGuid = {B877952F-92D4-4E03-832D-99FA271B7DA2}
	EndGlobalSection
EndGlobal
