
Microsoft Visual Studio Solution File, Format Version 12.00
# Visual Studio 15
VisualStudioVersion = 15.0.27703.2035
MinimumVisualStudioVersion = 10.0.40219.1
Project("{8BC9CEB8-8B4A-11D0-8D11-00A0C91BC942}") = "获取质数数组", "获取质数数组\获取质数数组.vcxproj", "{AE4E3288-3F5A-472E-9AE3-6407F74EA552}"
EndProject
Global
	GlobalSection(SolutionConfigurationPlatforms) = preSolution
		Debug|x64 = Debug|x64
		Debug|x86 = Debug|x86
		Release|x64 = Release|x64
		Release|x86 = Release|x86
	EndGlobalSection
	GlobalSection(ProjectConfigurationPlatforms) = postSolution
		{AE4E3288-3F5A-472E-9AE3-6407F74EA552}.Debug|x64.ActiveCfg = Debug|x64
		{AE4E3288-3F5A-472E-9AE3-6407F74EA552}.Debug|x64.Build.0 = Debug|x64
		{AE4E3288-3F5A-472E-9AE3-6407F74EA552}.Debug|x86.ActiveCfg = Debug|Win32
		{AE4E3288-3F5A-472E-9AE3-6407F74EA552}.Debug|x86.Build.0 = Debug|Win32
		{AE4E3288-3F5A-472E-9AE3-6407F74EA552}.Release|x64.ActiveCfg = Release|x64
		{AE4E3288-3F5A-472E-9AE3-6407F74EA552}.Release|x64.Build.0 = Release|x64
		{AE4E3288-3F5A-472E-9AE3-6407F74EA552}.Release|x86.ActiveCfg = Release|Win32
		{AE4E3288-3F5A-472E-9AE3-6407F74EA552}.Release|x86.Build.0 = Release|Win32
	EndGlobalSection
	GlobalSection(SolutionProperties) = preSolution
		HideSolutionNode = FALSE
	EndGlobalSection
	GlobalSection(ExtensibilityGlobals) = postSolution
		SolutionGuid = {D90FE01B-4560-4511-96DD-8833F97CC0F0}
	EndGlobalSection
EndGlobal
